
Microsoft Visual Studio Solution File, Format Version 12.00
# Visual Studio Version 17
VisualStudioVersion = 17.13.35919.96 d17.13
MinimumVisualStudioVersion = 10.0.40219.1
Project("{FAE04EC0-301F-11D3-BF4B-00C04F79EFBC}") = "DreamEaters", "DreamEaters.csproj", "{290FB819-0360-4561-901F-1227A04ADC6A}"
EndProject
Global
	GlobalSection(SolutionConfigurationPlatforms) = preSolution
		Debug|Any CPU = Debug|Any CPU
		Release|Any CPU = Release|Any CPU
	EndGlobalSection
	GlobalSection(ProjectConfigurationPlatforms) = postSolution
		{290FB819-0360-4561-901F-1227A04ADC6A}.Debug|Any CPU.ActiveCfg = Debug|Any CPU
		{290FB819-0360-4561-901F-1227A04ADC6A}.Debug|Any CPU.Build.0 = Debug|Any CPU
		{290FB819-0360-4561-901F-1227A04ADC6A}.Release|Any CPU.ActiveCfg = Release|Any CPU
		{290FB819-0360-4561-901F-1227A04ADC6A}.Release|Any CPU.Build.0 = Release|Any CPU
	EndGlobalSection
	GlobalSection(SolutionProperties) = preSolution
		HideSolutionNode = FALSE
	EndGlobalSection
	GlobalSection(ExtensibilityGlobals) = postSolution
		SolutionGuid = {0F3210D2-2168-4621-85ED-FAE869BCD70F}
	EndGlobalSection
EndGlobal
